
Microsoft Visual Studio Solution File, Format Version 11.00
# Visual Studio 2010
Project("{FAE04EC0-301F-11D3-BF4B-00C04F79EFBC}") = "Domain", "Domain\Domain.csproj", "{E62456C2-2A64-4DB8-99AF-F6D2C8640DC3}"
EndProject
Project("{FAE04EC0-301F-11D3-BF4B-00C04F79EFBC}") = "Tests", "Tests\Tests.csproj", "{B54C56B3-3A32-435B-822C-C7E8196E65A3}"
EndProject
Project("{2150E333-8FDC-42A3-9474-1A3956D46DE8}") = "Solution Items", "Solution Items", "{D24174CC-A87C-4D74-A596-CFA266C639D2}"
	ProjectSection(SolutionItems) = preProject
		Local.testsettings = Local.testsettings
		SpanningTree.vsmdi = SpanningTree.vsmdi
		TraceAndTestImpact.testsettings = TraceAndTestImpact.testsettings
	EndProjectSection
EndProject
Project("{FAE04EC0-301F-11D3-BF4B-00C04F79EFBC}") = "Program", "Program\Program.csproj", "{30F06B6F-6F77-43AB-A9A8-8F9A7EE5C83E}"
EndProject
Global
	GlobalSection(TestCaseManagementSettings) = postSolution
		CategoryFile = SpanningTree.vsmdi
	EndGlobalSection
	GlobalSection(SolutionConfigurationPlatforms) = preSolution
		Debug|x64 = Debug|x64
		Debug|x86 = Debug|x86
		Release|x64 = Release|x64
		Release|x86 = Release|x86
	EndGlobalSection
	GlobalSection(ProjectConfigurationPlatforms) = postSolution
		{E62456C2-2A64-4DB8-99AF-F6D2C8640DC3}.Debug|x64.ActiveCfg = Debug|x64
		{E62456C2-2A64-4DB8-99AF-F6D2C8640DC3}.Debug|x64.Build.0 = Debug|x64
		{E62456C2-2A64-4DB8-99AF-F6D2C8640DC3}.Debug|x86.ActiveCfg = Debug|Any CPU
		{E62456C2-2A64-4DB8-99AF-F6D2C8640DC3}.Debug|x86.Build.0 = Debug|Any CPU
		{E62456C2-2A64-4DB8-99AF-F6D2C8640DC3}.Release|x64.ActiveCfg = Release|x64
		{E62456C2-2A64-4DB8-99AF-F6D2C8640DC3}.Release|x64.Build.0 = Release|x64
		{E62456C2-2A64-4DB8-99AF-F6D2C8640DC3}.Release|x86.ActiveCfg = Release|Any CPU
		{B54C56B3-3A32-435B-822C-C7E8196E65A3}.Debug|x64.ActiveCfg = Debug|x64
		{B54C56B3-3A32-435B-822C-C7E8196E65A3}.Debug|x64.Build.0 = Debug|x64
		{B54C56B3-3A32-435B-822C-C7E8196E65A3}.Debug|x86.ActiveCfg = Debug|Any CPU
		{B54C56B3-3A32-435B-822C-C7E8196E65A3}.Debug|x86.Build.0 = Debug|Any CPU
		{B54C56B3-3A32-435B-822C-C7E8196E65A3}.Release|x64.ActiveCfg = Release|x64
		{B54C56B3-3A32-435B-822C-C7E8196E65A3}.Release|x64.Build.0 = Release|x64
		{B54C56B3-3A32-435B-822C-C7E8196E65A3}.Release|x86.ActiveCfg = Release|Any CPU
		{30F06B6F-6F77-43AB-A9A8-8F9A7EE5C83E}.Debug|x64.ActiveCfg = Debug|x64
		{30F06B6F-6F77-43AB-A9A8-8F9A7EE5C83E}.Debug|x64.Build.0 = Debug|x64
		{30F06B6F-6F77-43AB-A9A8-8F9A7EE5C83E}.Debug|x86.ActiveCfg = Debug|x86
		{30F06B6F-6F77-43AB-A9A8-8F9A7EE5C83E}.Debug|x86.Build.0 = Debug|x86
		{30F06B6F-6F77-43AB-A9A8-8F9A7EE5C83E}.Release|x64.ActiveCfg = Release|x64
		{30F06B6F-6F77-43AB-A9A8-8F9A7EE5C83E}.Release|x86.ActiveCfg = Release|x86
		{30F06B6F-6F77-43AB-A9A8-8F9A7EE5C83E}.Release|x86.Build.0 = Release|x86
	EndGlobalSection
	GlobalSection(SolutionProperties) = preSolution
		HideSolutionNode = FALSE
	EndGlobalSection
EndGlobal
